
Microsoft Visual Studio Solution File, Format Version 12.00
# Visual Studio 2015
Project("{FAE04EC0-301F-11D3-BF4B-00C04F79EFBC}") = "TextureCreator", "TextureCreator.csproj", "{AFFE638C-4FD9-4623-6802-862F83459D58}"
EndProject
Project("{FAE04EC0-301F-11D3-BF4B-00C04F79EFBC}") = "TextureCreator.Editor", "TextureCreator.Editor.csproj", "{867E2F83-018A-9629-B590-1CAE3C101988}"
EndProject
Global
	GlobalSection(SolutionConfigurationPlatforms) = preSolution
		Debug|Any CPU = Debug|Any CPU
		Release|Any CPU = Release|Any CPU
	EndGlobalSection
	GlobalSection(ProjectConfigurationPlatforms) = postSolution
		{AFFE638C-4FD9-4623-6802-862F83459D58}.Debug|Any CPU.ActiveCfg = Debug|Any CPU
		{AFFE638C-4FD9-4623-6802-862F83459D58}.Debug|Any CPU.Build.0 = Debug|Any CPU
		{AFFE638C-4FD9-4623-6802-862F83459D58}.Release|Any CPU.ActiveCfg = Release|Any CPU
		{AFFE638C-4FD9-4623-6802-862F83459D58}.Release|Any CPU.Build.0 = Release|Any CPU
		{867E2F83-018A-9629-B590-1CAE3C101988}.Debug|Any CPU.ActiveCfg = Debug|Any CPU
		{867E2F83-018A-9629-B590-1CAE3C101988}.Debug|Any CPU.Build.0 = Debug|Any CPU
		{867E2F83-018A-9629-B590-1CAE3C101988}.Release|Any CPU.ActiveCfg = Release|Any CPU
		{867E2F83-018A-9629-B590-1CAE3C101988}.Release|Any CPU.Build.0 = Release|Any CPU
	EndGlobalSection
	GlobalSection(SolutionProperties) = preSolution
		HideSolutionNode = FALSE
	EndGlobalSection
EndGlobal
